
Microsoft Visual Studio Solution File, Format Version 12.00
Project("{FAE04EC0-301F-11D3-BF4B-00C04F79EFBC}") = "Clean.Core", "Clean.Core\Clean.Core.csproj", "{7D957225-C5FB-45D7-9079-421952ACBCB1}"
EndProject
Project("{FAE04EC0-301F-11D3-BF4B-00C04F79EFBC}") = "Clean.Database", "Clean.Database\Clean.Database.csproj", "{654ED473-D0CD-4B4F-BCDE-17C7590D5216}"
EndProject
Project("{FAE04EC0-301F-11D3-BF4B-00C04F79EFBC}") = "Clean.Core.Tests", "Clean.Core.Tests\Clean.Core.Tests.csproj", "{73D76DD7-0FC4-4DF2-B8B6-02C3D8C1E8F5}"
EndProject
Project("{FAE04EC0-301F-11D3-BF4B-00C04F79EFBC}") = "Clean.Presentation.Api", "Clean.Presentation.Api\Clean.Presentation.Api.csproj", "{4FB0EF60-7723-4549-A3D5-0382E7E09761}"
EndProject
Project("{FAE04EC0-301F-11D3-BF4B-00C04F79EFBC}") = "Clean.Application", "Clean.Application\Clean.Application.csproj", "{77A6A78E-3E82-40C6-AAC4-CC5440EABF8C}"
EndProject
Project("{FAE04EC0-301F-11D3-BF4B-00C04F79EFBC}") = "Clean.Infrastructure", "Clean.Infrastructure\Clean.Infrastructure.csproj", "{F2CE5266-29D3-48C5-A730-CEBEB53AC990}"
EndProject
Global
	GlobalSection(SolutionConfigurationPlatforms) = preSolution
		Debug|Any CPU = Debug|Any CPU
		Release|Any CPU = Release|Any CPU
	EndGlobalSection
	GlobalSection(ProjectConfigurationPlatforms) = postSolution
		{7D957225-C5FB-45D7-9079-421952ACBCB1}.Debug|Any CPU.ActiveCfg = Debug|Any CPU
		{7D957225-C5FB-45D7-9079-421952ACBCB1}.Debug|Any CPU.Build.0 = Debug|Any CPU
		{7D957225-C5FB-45D7-9079-421952ACBCB1}.Release|Any CPU.ActiveCfg = Release|Any CPU
		{7D957225-C5FB-45D7-9079-421952ACBCB1}.Release|Any CPU.Build.0 = Release|Any CPU
		{654ED473-D0CD-4B4F-BCDE-17C7590D5216}.Debug|Any CPU.ActiveCfg = Debug|Any CPU
		{654ED473-D0CD-4B4F-BCDE-17C7590D5216}.Debug|Any CPU.Build.0 = Debug|Any CPU
		{654ED473-D0CD-4B4F-BCDE-17C7590D5216}.Release|Any CPU.ActiveCfg = Release|Any CPU
		{654ED473-D0CD-4B4F-BCDE-17C7590D5216}.Release|Any CPU.Build.0 = Release|Any CPU
		{73D76DD7-0FC4-4DF2-B8B6-02C3D8C1E8F5}.Debug|Any CPU.ActiveCfg = Debug|Any CPU
		{73D76DD7-0FC4-4DF2-B8B6-02C3D8C1E8F5}.Debug|Any CPU.Build.0 = Debug|Any CPU
		{73D76DD7-0FC4-4DF2-B8B6-02C3D8C1E8F5}.Release|Any CPU.ActiveCfg = Release|Any CPU
		{73D76DD7-0FC4-4DF2-B8B6-02C3D8C1E8F5}.Release|Any CPU.Build.0 = Release|Any CPU
		{4FB0EF60-7723-4549-A3D5-0382E7E09761}.Debug|Any CPU.ActiveCfg = Debug|Any CPU
		{4FB0EF60-7723-4549-A3D5-0382E7E09761}.Debug|Any CPU.Build.0 = Debug|Any CPU
		{4FB0EF60-7723-4549-A3D5-0382E7E09761}.Release|Any CPU.ActiveCfg = Release|Any CPU
		{4FB0EF60-7723-4549-A3D5-0382E7E09761}.Release|Any CPU.Build.0 = Release|Any CPU
		{77A6A78E-3E82-40C6-AAC4-CC5440EABF8C}.Debug|Any CPU.ActiveCfg = Debug|Any CPU
		{77A6A78E-3E82-40C6-AAC4-CC5440EABF8C}.Debug|Any CPU.Build.0 = Debug|Any CPU
		{77A6A78E-3E82-40C6-AAC4-CC5440EABF8C}.Release|Any CPU.ActiveCfg = Release|Any CPU
		{77A6A78E-3E82-40C6-AAC4-CC5440EABF8C}.Release|Any CPU.Build.0 = Release|Any CPU
		{F2CE5266-29D3-48C5-A730-CEBEB53AC990}.Debug|Any CPU.ActiveCfg = Debug|Any CPU
		{F2CE5266-29D3-48C5-A730-CEBEB53AC990}.Debug|Any CPU.Build.0 = Debug|Any CPU
		{F2CE5266-29D3-48C5-A730-CEBEB53AC990}.Release|Any CPU.ActiveCfg = Release|Any CPU
		{F2CE5266-29D3-48C5-A730-CEBEB53AC990}.Release|Any CPU.Build.0 = Release|Any CPU
	EndGlobalSection
EndGlobal
